// !$*UTF8*$!
{
	archiveVersion = 1;
	classes = {
	};
	objectVersion = 77;
	objects = {

/* Begin PBXBuildFile section */
		D77B4DDCA6CC0E9D35955841 /* Pods_Gida_Kurdu.framework in Frameworks */ = {isa = PBXBuildFile; fileRef = 543731914AD882014D850D5A /* Pods_Gida_Kurdu.framework */; };
/* End PBXBuildFile section */

/* Begin PBXContainerItemProxy section */
		77B786A62D404C7000F3717E /* PBXContainerItemProxy */ = {
			isa = PBXContainerItemProxy;
			containerPortal = 77B7868D2D404C6E00F3717E /* Project object */;
			proxyType = 1;
			remoteGlobalIDString = 77B786942D404C6E00F3717E;
			remoteInfo = "Gida Kurdu";
		};
		77B786B02D404C7000F3717E /* PBXContainerItemProxy */ = {
			isa = PBXContainerItemProxy;
			containerPortal = 77B7868D2D404C6E00F3717E /* Project object */;
			proxyType = 1;
			remoteGlobalIDString = 77B786942D404C6E00F3717E;
			remoteInfo = "Gida Kurdu";
		};
/* End PBXContainerItemProxy section */

/* Begin PBXFileReference section */
		029ACF6DB9AC695EE09F68E2 /* Pods-Gida Kurdu.debug.xcconfig */ = {isa = PBXFileReference; includeInIndex = 1; lastKnownFileType = text.xcconfig; name = "Pods-Gida Kurdu.debug.xcconfig"; path = "Target Support Files/Pods-Gida Kurdu/Pods-Gida Kurdu.debug.xcconfig"; sourceTree = "<group>"; };
		543731914AD882014D850D5A /* Pods_Gida_Kurdu.framework */ = {isa = PBXFileReference; explicitFileType = wrapper.framework; includeInIndex = 0; path = Pods_Gida_Kurdu.framework; sourceTree = BUILT_PRODUCTS_DIR; };
		77B786952D404C6E00F3717E /* Gida Kurdu.app */ = {isa = PBXFileReference; explicitFileType = wrapper.application; includeInIndex = 0; path = "Gida Kurdu.app"; sourceTree = BUILT_PRODUCTS_DIR; };
		77B786A52D404C7000F3717E /* Gida KurduTests.xctest */ = {isa = PBXFileReference; explicitFileType = wrapper.cfbundle; includeInIndex = 0; path = "Gida KurduTests.xctest"; sourceTree = BUILT_PRODUCTS_DIR; };
		77B786AF2D404C7000F3717E /* Gida KurduUITests.xctest */ = {isa = PBXFileReference; explicitFileType = wrapper.cfbundle; includeInIndex = 0; path = "Gida KurduUITests.xctest"; sourceTree = BUILT_PRODUCTS_DIR; };
		7CAAFD4284706C967C43FFE6 /* Pods-Gida Kurdu.release.xcconfig */ = {isa = PBXFileReference; includeInIndex = 1; lastKnownFileType = text.xcconfig; name = "Pods-Gida Kurdu.release.xcconfig"; path = "Target Support Files/Pods-Gida Kurdu/Pods-Gida Kurdu.release.xcconfig"; sourceTree = "<group>"; };
/* End PBXFileReference section */

/* Begin PBXFileSystemSynchronizedBuildFileExceptionSet section */
		77B786F82D4055FC00F3717E /* Exceptions for "Gida Kurdu" folder in "Gida Kurdu" target */ = {
			isa = PBXFileSystemSynchronizedBuildFileExceptionSet;
			membershipExceptions = (
				Info.plist,
			);
			target = 77B786942D404C6E00F3717E /* Gida Kurdu */;
		};
/* End PBXFileSystemSynchronizedBuildFileExceptionSet section */

/* Begin PBXFileSystemSynchronizedRootGroup section */
		77B786972D404C6E00F3717E /* Gida Kurdu */ = {
			isa = PBXFileSystemSynchronizedRootGroup;
			exceptions = (
				77B786F82D4055FC00F3717E /* Exceptions for "Gida Kurdu" folder in "Gida Kurdu" target */,
			);
			path = "Gida Kurdu";
			sourceTree = "<group>";
		};
/* End PBXFileSystemSynchronizedRootGroup section */

/* Begin PBXFrameworksBuildPhase section */
		77B786922D404C6E00F3717E /* Frameworks */ = {
			isa = PBXFrameworksBuildPhase;
			buildActionMask = 2147483647;
			files = (
				D77B4DDCA6CC0E9D35955841 /* Pods_Gida_Kurdu.framework in Frameworks */,
			);
			runOnlyForDeploymentPostprocessing = 0;
		};
		77B786A22D404C7000F3717E /* Frameworks */ = {
			isa = PBXFrameworksBuildPhase;
			buildActionMask = 2147483647;
			files = (
			);
			runOnlyForDeploymentPostprocessing = 0;
		};
		77B786AC2D404C7000F3717E /* Frameworks */ = {
			isa = PBXFrameworksBuildPhase;
			buildActionMask = 2147483647;
			files = (
			);
			runOnlyForDeploymentPostprocessing = 0;
		};
/* End PBXFrameworksBuildPhase section */

/* Begin PBXGroup section */
		77B7868C2D404C6E00F3717E = {
			isa = PBXGroup;
			children = (
				77B786972D404C6E00F3717E /* Gida Kurdu */,
				77B786962D404C6E00F3717E /* Products */,
				8575EFABA4C397DCA8AC8FA1 /* Pods */,
				B5D71CC5DB83ED92D7C5935B /* Frameworks */,
			);
			sourceTree = "<group>";
		};
		77B786962D404C6E00F3717E /* Products */ = {
			isa = PBXGroup;
			children = (
				77B786952D404C6E00F3717E /* Gida Kurdu.app */,
				77B786A52D404C7000F3717E /* Gida KurduTests.xctest */,
				77B786AF2D404C7000F3717E /* Gida KurduUITests.xctest */,
			);
			name = Products;
			sourceTree = "<group>";
		};
		8575EFABA4C397DCA8AC8FA1 /* Pods */ = {
			isa = PBXGroup;
			children = (
				029ACF6DB9AC695EE09F68E2 /* Pods-Gida Kurdu.debug.xcconfig */,
				7CAAFD4284706C967C43FFE6 /* Pods-Gida Kurdu.release.xcconfig */,
			);
			path = Pods;
			sourceTree = "<group>";
		};
		B5D71CC5DB83ED92D7C5935B /* Frameworks */ = {
			isa = PBXGroup;
			children = (
				543731914AD882014D850D5A /* Pods_Gida_Kurdu.framework */,
			);
			name = Frameworks;
			sourceTree = "<group>";
		};
/* End PBXGroup section */

/* Begin PBXNativeTarget section */
		77B786942D404C6E00F3717E /* Gida Kurdu */ = {
			isa = PBXNativeTarget;
			buildConfigurationList = 77B786B92D404C7000F3717E /* Build configuration list for PBXNativeTarget "Gida Kurdu" */;
			buildPhases = (
				921851EA85A14DE61CE02E88 /* [CP] Check Pods Manifest.lock */,
				77B786912D404C6E00F3717E /* Sources */,
				77B786922D404C6E00F3717E /* Frameworks */,
				77B786932D404C6E00F3717E /* Resources */,
			);
			buildRules = (
			);
			dependencies = (
			);
			fileSystemSynchronizedGroups = (
				77B786972D404C6E00F3717E /* Gida Kurdu */,
			);
			name = "Gida Kurdu";
			productName = "Gida Kurdu";
			productReference = 77B786952D404C6E00F3717E /* Gida Kurdu.app */;
			productType = "com.apple.product-type.application";
		};
		77B786A42D404C7000F3717E /* Gida KurduTests */ = {
			isa = PBXNativeTarget;
			buildConfigurationList = 77B786BC2D404C7000F3717E /* Build configuration list for PBXNativeTarget "Gida KurduTests" */;
			buildPhases = (
				77B786A12D404C7000F3717E /* Sources */,
				77B786A22D404C7000F3717E /* Frameworks */,
				77B786A32D404C7000F3717E /* Resources */,
			);
			buildRules = (
			);
			dependencies = (
				77B786A72D404C7000F3717E /* PBXTargetDependency */,
			);
			name = "Gida KurduTests";
			productName = "Gida KurduTests";
			productReference = 77B786A52D404C7000F3717E /* Gida KurduTests.xctest */;
			productType = "com.apple.product-type.bundle.unit-test";
		};
		77B786AE2D404C7000F3717E /* Gida KurduUITests */ = {
			isa = PBXNativeTarget;
			buildConfigurationList = 77B786BF2D404C7000F3717E /* Build configuration list for PBXNativeTarget "Gida KurduUITests" */;
			buildPhases = (
				77B786AB2D404C7000F3717E /* Sources */,
				77B786AC2D404C7000F3717E /* Frameworks */,
				77B786AD2D404C7000F3717E /* Resources */,
			);
			buildRules = (
			);
			dependencies = (
				77B786B12D404C7000F3717E /* PBXTargetDependency */,
			);
			name = "Gida KurduUITests";
			productName = "Gida KurduUITests";
			productReference = 77B786AF2D404C7000F3717E /* Gida KurduUITests.xctest */;
			productType = "com.apple.product-type.bundle.ui-testing";
		};
/* End PBXNativeTarget section */

/* Begin PBXProject section */
		77B7868D2D404C6E00F3717E /* Project object */ = {
			isa = PBXProject;
			attributes = {
				BuildIndependentTargetsInParallel = 1;
				LastSwiftUpdateCheck = 1620;
				LastUpgradeCheck = 1620;
				TargetAttributes = {
					77B786942D404C6E00F3717E = {
						CreatedOnToolsVersion = 16.2;
					};
					77B786A42D404C7000F3717E = {
						CreatedOnToolsVersion = 16.2;
						TestTargetID = 77B786942D404C6E00F3717E;
					};
					77B786AE2D404C7000F3717E = {
						CreatedOnToolsVersion = 16.2;
						TestTargetID = 77B786942D404C6E00F3717E;
					};
				};
			};
			buildConfigurationList = 77B786902D404C6E00F3717E /* Build configuration list for PBXProject "Gida Kurdu" */;
			developmentRegion = en;
			hasScannedForEncodings = 0;
			knownRegions = (
				en,
				Base,
			);
			mainGroup = 77B7868C2D404C6E00F3717E;
			minimizedProjectReferenceProxies = 1;
			preferredProjectObjectVersion = 77;
			productRefGroup = 77B786962D404C6E00F3717E /* Products */;
			projectDirPath = "";
			projectRoot = "";
			targets = (
				77B786942D404C6E00F3717E /* Gida Kurdu */,
				77B786A42D404C7000F3717E /* Gida KurduTests */,
				77B786AE2D404C7000F3717E /* Gida KurduUITests */,
			);
		};
/* End PBXProject section */

/* Begin PBXResourcesBuildPhase section */
		77B786932D404C6E00F3717E /* Resources */ = {
			isa = PBXResourcesBuildPhase;
			buildActionMask = 2147483647;
			files = (
			);
			runOnlyForDeploymentPostprocessing = 0;
		};
		77B786A32D404C7000F3717E /* Resources */ = {
			isa = PBXResourcesBuildPhase;
			buildActionMask = 2147483647;
			files = (
			);
			runOnlyForDeploymentPostprocessing = 0;
		};
		77B786AD2D404C7000F3717E /* Resources */ = {
			isa = PBXResourcesBuildPhase;
			buildActionMask = 2147483647;
			files = (
			);
			runOnlyForDeploymentPostprocessing = 0;
		};
/* End PBXResourcesBuildPhase section */

/* Begin PBXShellScriptBuildPhase section */
		921851EA85A14DE61CE02E88 /* [CP] Check Pods Manifest.lock */ = {
			isa = PBXShellScriptBuildPhase;
			buildActionMask = 2147483647;
			files = (
			);
			inputFileListPaths = (
			);
			inputPaths = (
				"${PODS_PODFILE_DIR_PATH}/Podfile.lock",
				"${PODS_ROOT}/Manifest.lock",
			);
			name = "[CP] Check Pods Manifest.lock";
			outputFileListPaths = (
			);
			outputPaths = (
				"$(DERIVED_FILE_DIR)/Pods-Gida Kurdu-checkManifestLockResult.txt",
			);
			runOnlyForDeploymentPostprocessing = 0;
			shellPath = /bin/sh;
			shellScript = "diff \"${PODS_PODFILE_DIR_PATH}/Podfile.lock\" \"${PODS_ROOT}/Manifest.lock\" > /dev/null\nif [ $? != 0 ] ; then\n    # print error to STDERR\n    echo \"error: The sandbox is not in sync with the Podfile.lock. Run 'pod install' or update your CocoaPods installation.\" >&2\n    exit 1\nfi\n# This output is used by Xcode 'outputs' to avoid re-running this script phase.\necho \"SUCCESS\" > \"${SCRIPT_OUTPUT_FILE_0}\"\n";
			showEnvVarsInLog = 0;
		};
/* End PBXShellScriptBuildPhase section */

/* Begin PBXSourcesBuildPhase section */
		77B786912D404C6E00F3717E /* Sources */ = {
			isa = PBXSourcesBuildPhase;
			buildActionMask = 2147483647;
			files = (
			);
			runOnlyForDeploymentPostprocessing = 0;
		};
		77B786A12D404C7000F3717E /* Sources */ = {
			isa = PBXSourcesBuildPhase;
			buildActionMask = 2147483647;
			files = (
			);
			runOnlyForDeploymentPostprocessing = 0;
		};
		77B786AB2D404C7000F3717E /* Sources */ = {
			isa = PBXSourcesBuildPhase;
			buildActionMask = 2147483647;
			files = (
			);
			runOnlyForDeploymentPostprocessing = 0;
		};
/* End PBXSourcesBuildPhase section */

/* Begin PBXTargetDependency section */
		77B786A72D404C7000F3717E /* PBXTargetDependency */ = {
			isa = PBXTargetDependency;
			target = 77B786942D404C6E00F3717E /* Gida Kurdu */;
			targetProxy = 77B786A62D404C7000F3717E /* PBXContainerItemProxy */;
		};
		77B786B12D404C7000F3717E /* PBXTargetDependency */ = {
			isa = PBXTargetDependency;
			target = 77B786942D404C6E00F3717E /* Gida Kurdu */;
			targetProxy = 77B786B02D404C7000F3717E /* PBXContainerItemProxy */;
		};
/* End PBXTargetDependency section */

/* Begin XCBuildConfiguration section */
		77B786B72D404C7000F3717E /* Debug */ = {
			isa = XCBuildConfiguration;
			buildSettings = {
				ALWAYS_SEARCH_USER_PATHS = NO;
				ASSETCATALOG_COMPILER_GENERATE_SWIFT_ASSET_SYMBOL_EXTENSIONS = YES;
				CLANG_ANALYZER_NONNULL = YES;
				CLANG_ANALYZER_NUMBER_OBJECT_CONVERSION = YES_AGGRESSIVE;
				CLANG_CXX_LANGUAGE_STANDARD = "gnu++20";
				CLANG_ENABLE_MODULES = YES;
				CLANG_ENABLE_OBJC_ARC = YES;
				CLANG_ENABLE_OBJC_WEAK = YES;
				CLANG_WARN_BLOCK_CAPTURE_AUTORELEASING = YES;
				CLANG_WARN_BOOL_CONVERSION = YES;
				CLANG_WARN_COMMA = YES;
				CLANG_WARN_CONSTANT_CONVERSION = YES;
				CLANG_WARN_DEPRECATED_OBJC_IMPLEMENTATIONS = YES;
				CLANG_WARN_DIRECT_OBJC_ISA_USAGE = YES_ERROR;
				CLANG_WARN_DOCUMENTATION_COMMENTS = YES;
				CLANG_WARN_EMPTY_BODY = YES;
				CLANG_WARN_ENUM_CONVERSION = YES;
				CLANG_WARN_INFINITE_RECURSION = YES;
				CLANG_WARN_INT_CONVERSION = YES;
				CLANG_WARN_NON_LITERAL_NULL_CONVERSION = YES;
				CLANG_WARN_OBJC_IMPLICIT_RETAIN_SELF = YES;
				CLANG_WARN_OBJC_LITERAL_CONVERSION = YES;
				CLANG_WARN_OBJC_ROOT_CLASS = YES_ERROR;
				CLANG_WARN_QUOTED_INCLUDE_IN_FRAMEWORK_HEADER = YES;
				CLANG_WARN_RANGE_LOOP_ANALYSIS = YES;
				CLANG_WARN_STRICT_PROTOTYPES = YES;
				CLANG_WARN_SUSPICIOUS_MOVE = YES;
				CLANG_WARN_UNGUARDED_AVAILABILITY = YES_AGGRESSIVE;
				CLANG_WARN_UNREACHABLE_CODE = YES;
				CLANG_WARN__DUPLICATE_METHOD_MATCH = YES;
				COPY_PHASE_STRIP = NO;
				DEBUG_INFORMATION_FORMAT = dwarf;
				ENABLE_STRICT_OBJC_MSGSEND = YES;
				ENABLE_TESTABILITY = YES;
				GCC_C_LANGUAGE_STANDARD = gnu17;
				GCC_DYNAMIC_NO_PIC = NO;
				GCC_NO_COMMON_BLOCKS = YES;
				GCC_OPTIMIZATION_LEVEL = 0;
				GCC_PREPROCESSOR_DEFINITIONS = (
					"DEBUG=1",
					"$(inherited)",
				);
				GCC_WARN_64_TO_32_BIT_CONVERSION = YES;
				GCC_WARN_ABOUT_RETURN_TYPE = YES_ERROR;
				GCC_WARN_UNDECLARED_SELECTOR = YES;
				GCC_WARN_UNINITIALIZED_AUTOS = YES_AGGRESSIVE;
				GCC_WARN_UNUSED_FUNCTION = YES;
				GCC_WARN_UNUSED_VARIABLE = YES;
				IPHONEOS_DEPLOYMENT_TARGET = 18.2;
				LOCALIZATION_PREFERS_STRING_CATALOGS = YES;
				MTL_ENABLE_DEBUG_INFO = INCLUDE_SOURCE;
				MTL_FAST_MATH = YES;
				ONLY_ACTIVE_ARCH = YES;
				SDKROOT = iphoneos;
				SWIFT_ACTIVE_COMPILATION_CONDITIONS = "DEBUG $(inherited)";
				SWIFT_OPTIMIZATION_LEVEL = "-Onone";
			};
			name = Debug;
		};
		77B786B82D404C7000F3717E /* Release */ = {
			isa = XCBuildConfiguration;
			buildSettings = {
				ALWAYS_SEARCH_USER_PATHS = NO;
				ASSETCATALOG_COMPILER_GENERATE_SWIFT_ASSET_SYMBOL_EXTENSIONS = YES;
				CLANG_ANALYZER_NONNULL = YES;
				CLANG_ANALYZER_NUMBER_OBJECT_CONVERSION = YES_AGGRESSIVE;
				CLANG_CXX_LANGUAGE_STANDARD = "gnu++20";
				CLANG_ENABLE_MODULES = YES;
				CLANG_ENABLE_OBJC_ARC = YES;
				CLANG_ENABLE_OBJC_WEAK = YES;
				CLANG_WARN_BLOCK_CAPTURE_AUTORELEASING = YES;
				CLANG_WARN_BOOL_CONVERSION = YES;
				CLANG_WARN_COMMA = YES;
				CLANG_WARN_CONSTANT_CONVERSION = YES;
				CLANG_WARN_DEPRECATED_OBJC_IMPLEMENTATIONS = YES;
				CLANG_WARN_DIRECT_OBJC_ISA_USAGE = YES_ERROR;
				CLANG_WARN_DOCUMENTATION_COMMENTS = YES;
				CLANG_WARN_EMPTY_BODY = YES;
				CLANG_WARN_ENUM_CONVERSION = YES;
				CLANG_WARN_INFINITE_RECURSION = YES;
				CLANG_WARN_INT_CONVERSION = YES;
				CLANG_WARN_NON_LITERAL_NULL_CONVERSION = YES;
				CLANG_WARN_OBJC_IMPLICIT_RETAIN_SELF = YES;
				CLANG_WARN_OBJC_LITERAL_CONVERSION = YES;
				CLANG_WARN_OBJC_ROOT_CLASS = YES_ERROR;
				CLANG_WARN_QUOTED_INCLUDE_IN_FRAMEWORK_HEADER = YES;
				CLANG_WARN_RANGE_LOOP_ANALYSIS = YES;
				CLANG_WARN_STRICT_PROTOTYPES = YES;
				CLANG_WARN_SUSPICIOUS_MOVE = YES;
				CLANG_WARN_UNGUARDED_AVAILABILITY = YES_AGGRESSIVE;
				CLANG_WARN_UNREACHABLE_CODE = YES;
				CLANG_WARN__DUPLICATE_METHOD_MATCH = YES;
				COPY_PHASE_STRIP = NO;
				DEBUG_INFORMATION_FORMAT = "dwarf-with-dsym";
				ENABLE_NS_ASSERTIONS = NO;
				ENABLE_STRICT_OBJC_MSGSEND = YES;
				GCC_C_LANGUAGE_STANDARD = gnu17;
				GCC_NO_COMMON_BLOCKS = YES;
				GCC_WARN_64_TO_32_BIT_CONVERSION = YES;
				GCC_WARN_ABOUT_RETURN_TYPE = YES_ERROR;
				GCC_WARN_UNDECLARED_SELECTOR = YES;
				GCC_WARN_UNINITIALIZED_AUTOS = YES_AGGRESSIVE;
				GCC_WARN_UNUSED_FUNCTION = YES;
				GCC_WARN_UNUSED_VARIABLE = YES;
				IPHONEOS_DEPLOYMENT_TARGET = 18.2;
				LOCALIZATION_PREFERS_STRING_CATALOGS = YES;
				MTL_ENABLE_DEBUG_INFO = NO;
				MTL_FAST_MATH = YES;
				SDKROOT = iphoneos;
				SWIFT_COMPILATION_MODE = wholemodule;
				VALIDATE_PRODUCT = YES;
			};
			name = Release;
		};
		77B786BA2D404C7000F3717E /* Debug */ = {
			isa = XCBuildConfiguration;
			baseConfigurationReference = 029ACF6DB9AC695EE09F68E2 /* Pods-Gida Kurdu.debug.xcconfig */;
			buildSettings = {
				ASSETCATALOG_COMPILER_APPICON_NAME = AppIcon;
				ASSETCATALOG_COMPILER_GLOBAL_ACCENT_COLOR_NAME = AccentColor;
				ASSETCATALOG_COMPILER_INCLUDE_ALL_APPICON_ASSETS = YES;
				CODE_SIGN_STYLE = Automatic;
				CURRENT_PROJECT_VERSION = 1;
				DEVELOPMENT_ASSET_PATHS = "\"Gida Kurdu/Preview Content\"";
				DEVELOPMENT_TEAM = 9GUPF83KAH;
				ENABLE_PREVIEWS = YES;
				FRAMEWORK_SEARCH_PATHS = "$(inherited)";
				GENERATE_INFOPLIST_FILE = YES;
				INFOPLIST_KEY_CFBundleDisplayName = "Gıda Kurdu";
				INFOPLIST_KEY_LSApplicationCategoryType = "public.app-category.food-and-drink";
				INFOPLIST_KEY_UIApplicationSceneManifest_Generation = YES;
				INFOPLIST_KEY_UIApplicationSupportsIndirectInputEvents = YES;
				INFOPLIST_KEY_UILaunchScreen_Generation = YES;
				INFOPLIST_KEY_UILaunchStoryboardName = Assets.xcassets;
				INFOPLIST_KEY_UIStatusBarStyle = "";
				INFOPLIST_KEY_UISupportedInterfaceOrientations_iPad = "UIInterfaceOrientationPortrait UIInterfaceOrientationPortraitUpsideDown UIInterfaceOrientationLandscapeLeft UIInterfaceOrientationLandscapeRight";
				INFOPLIST_KEY_UISupportedInterfaceOrientations_iPhone = "UIInterfaceOrientationPortrait UIInterfaceOrientationLandscapeLeft UIInterfaceOrientationLandscapeRight";
				IPHONEOS_DEPLOYMENT_TARGET = 15.6;
				LD_RUNPATH_SEARCH_PATHS = (
					"$(inherited)",
					"@executable_path/Frameworks",
				);
				MARKETING_VERSION = 1.0;
				OTHER_LDFLAGS = "$(inherited)";
				PRODUCT_BUNDLE_IDENTIFIER = "vsdv.Gida-Kurdu";
				PRODUCT_NAME = "$(TARGET_NAME)";
				SWIFT_EMIT_LOC_STRINGS = YES;
				SWIFT_VERSION = 5.0;
				TARGETED_DEVICE_FAMILY = "1,2";
			};
			name = Debug;
		};
		77B786BB2D404C7000F3717E /* Release */ = {
			isa = XCBuildConfiguration;
			baseConfigurationReference = 7CAAFD4284706C967C43FFE6 /* Pods-Gida Kurdu.release.xcconfig */;
			buildSettings = {
				ASSETCATALOG_COMPILER_APPICON_NAME = AppIcon;
				ASSETCATALOG_COMPILER_GLOBAL_ACCENT_COLOR_NAME = AccentColor;
				ASSETCATALOG_COMPILER_INCLUDE_ALL_APPICON_ASSETS = YES;
				CODE_SIGN_STYLE = Automatic;
				CURRENT_PROJECT_VERSION = 1;
				DEVELOPMENT_ASSET_PATHS = "\"Gida Kurdu/Preview Content\"";
				DEVELOPMENT_TEAM = 9GUPF83KAH;
				ENABLE_PREVIEWS = YES;
				FRAMEWORK_SEARCH_PATHS = "$(inherited)";
				GENERATE_INFOPLIST_FILE = YES;
				INFOPLIST_KEY_CFBundleDisplayName = "Gıda Kurdu";
				INFOPLIST_KEY_LSApplicationCategoryType = "public.app-category.food-and-drink";
				INFOPLIST_KEY_UIApplicationSceneManifest_Generation = YES;
				INFOPLIST_KEY_UIApplicationSupportsIndirectInputEvents = YES;
				INFOPLIST_KEY_UILaunchScreen_Generation = YES;
				INFOPLIST_KEY_UILaunchStoryboardName = Assets.xcassets;
				INFOPLIST_KEY_UIStatusBarStyle = "";
				INFOPLIST_KEY_UISupportedInterfaceOrientations_iPad = "UIInterfaceOrientationPortrait UIInterfaceOrientationPortraitUpsideDown UIInterfaceOrientationLandscapeLeft UIInterfaceOrientationLandscapeRight";
				INFOPLIST_KEY_UISupportedInterfaceOrientations_iPhone = "UIInterfaceOrientationPortrait UIInterfaceOrientationLandscapeLeft UIInterfaceOrientationLandscapeRight";
				IPHONEOS_DEPLOYMENT_TARGET = 15.6;
				LD_RUNPATH_SEARCH_PATHS = (
					"$(inherited)",
					"@executable_path/Frameworks",
				);
				MARKETING_VERSION = 1.0;
				OTHER_LDFLAGS = "$(inherited)";
				PRODUCT_BUNDLE_IDENTIFIER = "vsdv.Gida-Kurdu";
				PRODUCT_NAME = "$(TARGET_NAME)";
				SWIFT_EMIT_LOC_STRINGS = YES;
				SWIFT_VERSION = 5.0;
				TARGETED_DEVICE_FAMILY = "1,2";
			};
			name = Release;
		};
		77B786BD2D404C7000F3717E /* Debug */ = {
			isa = XCBuildConfiguration;
			buildSettings = {
				BUNDLE_LOADER = "$(TEST_HOST)";
				CODE_SIGN_STYLE = Automatic;
				CURRENT_PROJECT_VERSION = 1;
				DEVELOPMENT_TEAM = YOUR_TEAM_ID;
				GENERATE_INFOPLIST_FILE = YES;
				IPHONEOS_DEPLOYMENT_TARGET = 18.2;
				MARKETING_VERSION = 1.0;
				PRODUCT_BUNDLE_IDENTIFIER = "vsdv.Gida-KurduTests";
				PRODUCT_NAME = "$(TARGET_NAME)";
				SWIFT_EMIT_LOC_STRINGS = NO;
				SWIFT_VERSION = 5.0;
				TARGETED_DEVICE_FAMILY = "1,2";
				TEST_HOST = "$(BUILT_PRODUCTS_DIR)/Gida Kurdu.app/$(BUNDLE_EXECUTABLE_FOLDER_PATH)/Gida Kurdu";
			};
			name = Debug;
		};
		77B786BE2D404C7000F3717E /* Release */ = {
			isa = XCBuildConfiguration;
			buildSettings = {
				BUNDLE_LOADER = "$(TEST_HOST)";
				CODE_SIGN_STYLE = Automatic;
				CURRENT_PROJECT_VERSION = 1;
				DEVELOPMENT_TEAM = YOUR_TEAM_ID;
				GENERATE_INFOPLIST_FILE = YES;
				IPHONEOS_DEPLOYMENT_TARGET = 18.2;
				MARKETING_VERSION = 1.0;
				PRODUCT_BUNDLE_IDENTIFIER = "vsdv.Gida-KurduTests";
				PRODUCT_NAME = "$(TARGET_NAME)";
				SWIFT_EMIT_LOC_STRINGS = NO;
				SWIFT_VERSION = 5.0;
				TARGETED_DEVICE_FAMILY = "1,2";
				TEST_HOST = "$(BUILT_PRODUCTS_DIR)/Gida Kurdu.app/$(BUNDLE_EXECUTABLE_FOLDER_PATH)/Gida Kurdu";
			};
			name = Release;
		};
		77B786C02D404C7000F3717E /* Debug */ = {
			isa = XCBuildConfiguration;
			buildSettings = {
				CODE_SIGN_STYLE = Automatic;
				CURRENT_PROJECT_VERSION = 1;
				DEVELOPMENT_TEAM = YOUR_TEAM_ID;
				GENERATE_INFOPLIST_FILE = YES;
				MARKETING_VERSION = 1.0;
				PRODUCT_BUNDLE_IDENTIFIER = "vsdv.Gida-KurduUITests";
				PRODUCT_NAME = "$(TARGET_NAME)";
				SWIFT_EMIT_LOC_STRINGS = NO;
				SWIFT_VERSION = 5.0;
				TARGETED_DEVICE_FAMILY = "1,2";
				TEST_TARGET_NAME = "Gida Kurdu";
			};
			name = Debug;
		};
		77B786C12D404C7000F3717E /* Release */ = {
			isa = XCBuildConfiguration;
			buildSettings = {
				CODE_SIGN_STYLE = Automatic;
				CURRENT_PROJECT_VERSION = 1;
				DEVELOPMENT_TEAM = YOUR_TEAM_ID;
				GENERATE_INFOPLIST_FILE = YES;
				MARKETING_VERSION = 1.0;
				PRODUCT_BUNDLE_IDENTIFIER = "vsdv.Gida-KurduUITests";
				PRODUCT_NAME = "$(TARGET_NAME)";
				SWIFT_EMIT_LOC_STRINGS = NO;
				SWIFT_VERSION = 5.0;
				TARGETED_DEVICE_FAMILY = "1,2";
				TEST_TARGET_NAME = "Gida Kurdu";
			};
			name = Release;
		};
/* End XCBuildConfiguration section */

/* Begin XCConfigurationList section */
		77B786902D404C6E00F3717E /* Build configuration list for PBXProject "Gida Kurdu" */ = {
			isa = XCConfigurationList;
			buildConfigurations = (
				77B786B72D404C7000F3717E /* Debug */,
				77B786B82D404C7000F3717E /* Release */,
			);
			defaultConfigurationIsVisible = 0;
			defaultConfigurationName = Release;
		};
		77B786B92D404C7000F3717E /* Build configuration list for PBXNativeTarget "Gida Kurdu" */ = {
			isa = XCConfigurationList;
			buildConfigurations = (
				77B786BA2D404C7000F3717E /* Debug */,
				77B786BB2D404C7000F3717E /* Release */,
			);
			defaultConfigurationIsVisible = 0;
			defaultConfigurationName = Release;
		};
		77B786BC2D404C7000F3717E /* Build configuration list for PBXNativeTarget "Gida KurduTests" */ = {
			isa = XCConfigurationList;
			buildConfigurations = (
				77B786BD2D404C7000F3717E /* Debug */,
				77B786BE2D404C7000F3717E /* Release */,
			);
			defaultConfigurationIsVisible = 0;
			defaultConfigurationName = Release;
		};
		77B786BF2D404C7000F3717E /* Build configuration list for PBXNativeTarget "Gida KurduUITests" */ = {
			isa = XCConfigurationList;
			buildConfigurations = (
				77B786C02D404C7000F3717E /* Debug */,
				77B786C12D404C7000F3717E /* Release */,
			);
			defaultConfigurationIsVisible = 0;
			defaultConfigurationName = Release;
		};
/* End XCConfigurationList section */
	};
	rootObject = 77B7868D2D404C6E00F3717E /* Project object */;
}
